
Microsoft Visual Studio Solution File, Format Version 12.00
# Visual Studio Version 17
VisualStudioVersion = 17.7.34031.279
MinimumVisualStudioVersion = 10.0.40219.1
Project("{9A19103F-16F7-4668-BE54-9A1E7A4F7556}") = "ECTPFinalProject.Core", "ECTPFinalProject.Core\ECTPFinalProject.Core.csproj", "{8F41746D-91E1-411C-B4C0-1282E447BBDE}"
EndProject
Project("{9A19103F-16F7-4668-BE54-9A1E7A4F7556}") = "ECTPFinalProject.Data", "ECTPFinalProject.Data\ECTPFinalProject.Data.csproj", "{343AFA59-2962-4AE6-A9CF-D2F6381720E9}"
EndProject
Project("{9A19103F-16F7-4668-BE54-9A1E7A4F7556}") = "ECTPFinalProject.Infrastructure", "ECTPFinalProject.Infrastructure\ECTPFinalProject.Infrastructure.csproj", "{DD62A8DA-FAAE-4614-B8E3-D61CD3A9C15B}"
EndProject
Project("{9A19103F-16F7-4668-BE54-9A1E7A4F7556}") = "ECTPFinalProject.API", "ECTPFinalProject.API\ECTPFinalProject.API.csproj", "{5645A40D-574B-4345-B6BA-3006F6D1DEC1}"
EndProject
Project("{9A19103F-16F7-4668-BE54-9A1E7A4F7556}") = "ECTPFinalProject.Tests", "ECTPFinalProject.Tests\ECTPFinalProject.Tests.csproj", "{8C08CC68-DDEF-419D-9717-A484FF961D51}"
EndProject
Project("{2150E333-8FDC-42A3-9474-1A3956D46DE8}") = "Solution Items", "Solution Items", "{A8381ECB-4833-40FD-85B4-C7568A576F2D}"
	ProjectSection(SolutionItems) = preProject
		..\.editorconfig = ..\.editorconfig
		..\.gitignore = ..\.gitignore
	EndProjectSection
EndProject
Project("{9A19103F-16F7-4668-BE54-9A1E7A4F7556}") = "ECTPFinalProject.Website", "ECTPFinalProject.Website\ECTPFinalProject.Website.csproj", "{D495FAC4-F822-437E-9296-E456FCFA6129}"
EndProject
Global
	GlobalSection(SolutionConfigurationPlatforms) = preSolution
		Debug|Any CPU = Debug|Any CPU
		Release|Any CPU = Release|Any CPU
	EndGlobalSection
	GlobalSection(ProjectConfigurationPlatforms) = postSolution
		{8F41746D-91E1-411C-B4C0-1282E447BBDE}.Debug|Any CPU.ActiveCfg = Debug|Any CPU
		{8F41746D-91E1-411C-B4C0-1282E447BBDE}.Debug|Any CPU.Build.0 = Debug|Any CPU
		{8F41746D-91E1-411C-B4C0-1282E447BBDE}.Release|Any CPU.ActiveCfg = Release|Any CPU
		{8F41746D-91E1-411C-B4C0-1282E447BBDE}.Release|Any CPU.Build.0 = Release|Any CPU
		{343AFA59-2962-4AE6-A9CF-D2F6381720E9}.Debug|Any CPU.ActiveCfg = Debug|Any CPU
		{343AFA59-2962-4AE6-A9CF-D2F6381720E9}.Debug|Any CPU.Build.0 = Debug|Any CPU
		{343AFA59-2962-4AE6-A9CF-D2F6381720E9}.Release|Any CPU.ActiveCfg = Release|Any CPU
		{343AFA59-2962-4AE6-A9CF-D2F6381720E9}.Release|Any CPU.Build.0 = Release|Any CPU
		{DD62A8DA-FAAE-4614-B8E3-D61CD3A9C15B}.Debug|Any CPU.ActiveCfg = Debug|Any CPU
		{DD62A8DA-FAAE-4614-B8E3-D61CD3A9C15B}.Debug|Any CPU.Build.0 = Debug|Any CPU
		{DD62A8DA-FAAE-4614-B8E3-D61CD3A9C15B}.Release|Any CPU.ActiveCfg = Release|Any CPU
		{DD62A8DA-FAAE-4614-B8E3-D61CD3A9C15B}.Release|Any CPU.Build.0 = Release|Any CPU
		{5645A40D-574B-4345-B6BA-3006F6D1DEC1}.Debug|Any CPU.ActiveCfg = Debug|Any CPU
		{5645A40D-574B-4345-B6BA-3006F6D1DEC1}.Debug|Any CPU.Build.0 = Debug|Any CPU
		{5645A40D-574B-4345-B6BA-3006F6D1DEC1}.Release|Any CPU.ActiveCfg = Release|Any CPU
		{5645A40D-574B-4345-B6BA-3006F6D1DEC1}.Release|Any CPU.Build.0 = Release|Any CPU
		{8C08CC68-DDEF-419D-9717-A484FF961D51}.Debug|Any CPU.ActiveCfg = Debug|Any CPU
		{8C08CC68-DDEF-419D-9717-A484FF961D51}.Debug|Any CPU.Build.0 = Debug|Any CPU
		{8C08CC68-DDEF-419D-9717-A484FF961D51}.Release|Any CPU.ActiveCfg = Release|Any CPU
		{8C08CC68-DDEF-419D-9717-A484FF961D51}.Release|Any CPU.Build.0 = Release|Any CPU
		{D495FAC4-F822-437E-9296-E456FCFA6129}.Debug|Any CPU.ActiveCfg = Debug|Any CPU
		{D495FAC4-F822-437E-9296-E456FCFA6129}.Debug|Any CPU.Build.0 = Debug|Any CPU
		{D495FAC4-F822-437E-9296-E456FCFA6129}.Release|Any CPU.ActiveCfg = Release|Any CPU
		{D495FAC4-F822-437E-9296-E456FCFA6129}.Release|Any CPU.Build.0 = Release|Any CPU
	EndGlobalSection
	GlobalSection(SolutionProperties) = preSolution
		HideSolutionNode = FALSE
	EndGlobalSection
	GlobalSection(ExtensibilityGlobals) = postSolution
		SolutionGuid = {5A7C7858-4241-4CD7-9B38-22E0FB8B937B}
	EndGlobalSection
EndGlobal
